PODS:
  - JVFloatLabeledTextField (1.1.1)
  - NVActivityIndicatorView (3.4)
  - SnapKit (3.1.2)

DEPENDENCIES:
  - JVFloatLabeledTextField
  - NVActivityIndicatorView
  - SnapKit

SPEC CHECKSUMS:
  JVFloatLabeledTextField: 0e5524b097f102036214dd8279edc8ecf08b5e18
  NVActivityIndicatorView: 5754be63ceecd1df8af37d3c088d81872feeb8b8
  SnapKit: 12b24f569cb7c143acc9c22b9d91b23e7b1c84a2

PODFILE CHECKSUM: d6c4da1bf1413dff3bc05048a55b6477264f1223

COCOAPODS: 1.2.0
