// !$*UTF8*$!
{
	archiveVersion = 1;
	classes = {
	};
	objectVersion = 46;
	objects = {

/* Begin PBXBuildFile section */
		780AC9189572E8A5FA97A91D /* Pods_counter.framework in Frameworks */ = {isa = PBXBuildFile; fileRef = F561274E8866EC3CC16FA3B1 /* Pods_counter.framework */; };
		9F0774531E7B190700B13235 /* EventCell.swift in Sources */ = {isa = PBXBuildFile; fileRef = 9F0774521E7B190700B13235 /* EventCell.swift */; };
		9F0774551E7B19C700B13235 /* ColorIndicatorView.swift in Sources */ = {isa = PBXBuildFile; fileRef = 9F0774541E7B19C700B13235 /* ColorIndicatorView.swift */; };
		9F07745A1E7B382500B13235 /* EventCell.xib in Resources */ = {isa = PBXBuildFile; fileRef = 9F0774591E7B382500B13235 /* EventCell.xib */; };
		9F1C4BBF1E8047A20041FFF3 /* HistoryCell.swift in Sources */ = {isa = PBXBuildFile; fileRef = 9F1C4BBE1E8047A20041FFF3 /* HistoryCell.swift */; };
		9F1C4BC31E806F800041FFF3 /* EventResultCell.xib in Resources */ = {isa = PBXBuildFile; fileRef = 9F1C4BC21E806F800041FFF3 /* EventResultCell.xib */; };
		9F1C4BC51E806FC40041FFF3 /* EventResultCell.swift in Sources */ = {isa = PBXBuildFile; fileRef = 9F1C4BC41E806FC40041FFF3 /* EventResultCell.swift */; };
		9F1C4BCB1E8076AA0041FFF3 /* Sequence+Additions.swift in Sources */ = {isa = PBXBuildFile; fileRef = 9F1C4BCA1E8076AA0041FFF3 /* Sequence+Additions.swift */; };
		9F626D971E6F49000031D7C2 /* AppDelegate.swift in Sources */ = {isa = PBXBuildFile; fileRef = 9F626D961E6F49000031D7C2 /* AppDelegate.swift */; };
		9F626D9C1E6F49000031D7C2 /* Main.storyboard in Resources */ = {isa = PBXBuildFile; fileRef = 9F626D9A1E6F49000031D7C2 /* Main.storyboard */; };
		9F626D9E1E6F49000031D7C2 /* Assets.xcassets in Resources */ = {isa = PBXBuildFile; fileRef = 9F626D9D1E6F49000031D7C2 /* Assets.xcassets */; };
		9F626DA11E6F49000031D7C2 /* LaunchScreen.storyboard in Resources */ = {isa = PBXBuildFile; fileRef = 9F626D9F1E6F49000031D7C2 /* LaunchScreen.storyboard */; };
		9F626DAC1E6F49000031D7C2 /* counterTests.swift in Sources */ = {isa = PBXBuildFile; fileRef = 9F626DAB1E6F49000031D7C2 /* counterTests.swift */; };
		9F626DB71E6F49000031D7C2 /* counterUITests.swift in Sources */ = {isa = PBXBuildFile; fileRef = 9F626DB61E6F49000031D7C2 /* counterUITests.swift */; };
		9F626DFE1E6F52530031D7C2 /* NZKit.framework in Frameworks */ = {isa = PBXBuildFile; fileRef = 9F626DFD1E6F52530031D7C2 /* NZKit.framework */; };
		9F626DFF1E6F52530031D7C2 /* NZKit.framework in Embed Frameworks */ = {isa = PBXBuildFile; fileRef = 9F626DFD1E6F52530031D7C2 /* NZKit.framework */; settings = {ATTRIBUTES = (CodeSignOnCopy, RemoveHeadersOnCopy, ); }; };
		9F626E021E6F53160031D7C2 /* Theme.swift in Sources */ = {isa = PBXBuildFile; fileRef = 9F626E011E6F53160031D7C2 /* Theme.swift */; };
		9F626E161E6F55500031D7C2 /* UIColor+Additions.swift in Sources */ = {isa = PBXBuildFile; fileRef = 9F626E151E6F55500031D7C2 /* UIColor+Additions.swift */; };
		9F626E1B1E6F56E10031D7C2 /* UIFont+Additions.swift in Sources */ = {isa = PBXBuildFile; fileRef = 9F626E1A1E6F56E10031D7C2 /* UIFont+Additions.swift */; };
		9F626E1D1E6F57700031D7C2 /* UIView+Additions.swift in Sources */ = {isa = PBXBuildFile; fileRef = 9F626E1C1E6F57700031D7C2 /* UIView+Additions.swift */; };
		9F626E1F1E6F57A70031D7C2 /* String+Additions.swift in Sources */ = {isa = PBXBuildFile; fileRef = 9F626E1E1E6F57A70031D7C2 /* String+Additions.swift */; };
		9F626E221E6F58950031D7C2 /* Localization.swift in Sources */ = {isa = PBXBuildFile; fileRef = 9F626E211E6F58950031D7C2 /* Localization.swift */; };
		9F626E241E6F58D50031D7C2 /* Constants.swift in Sources */ = {isa = PBXBuildFile; fileRef = 9F626E231E6F58D50031D7C2 /* Constants.swift */; };
		9F7225921E7C632A008752DC /* ColorPicker.storyboard in Resources */ = {isa = PBXBuildFile; fileRef = 9F7225911E7C632A008752DC /* ColorPicker.storyboard */; };
		9F7225941E7C636E008752DC /* ColorPickerViewController.swift in Sources */ = {isa = PBXBuildFile; fileRef = 9F7225931E7C636E008752DC /* ColorPickerViewController.swift */; };
		9F7225961E7C641A008752DC /* ColorPickerCell.swift in Sources */ = {isa = PBXBuildFile; fileRef = 9F7225951E7C641A008752DC /* ColorPickerCell.swift */; };
		9F72259C1E7C8D66008752DC /* PaddedButton.swift in Sources */ = {isa = PBXBuildFile; fileRef = 9F72259B1E7C8D66008752DC /* PaddedButton.swift */; };
		9F72259F1E7C8DAD008752DC /* UIFactory.swift in Sources */ = {isa = PBXBuildFile; fileRef = 9F72259E1E7C8DAD008752DC /* UIFactory.swift */; };
		9F7225A11E7D3832008752DC /* EventPickerCell.swift in Sources */ = {isa = PBXBuildFile; fileRef = 9F7225A01E7D3832008752DC /* EventPickerCell.swift */; };
		9F7225A31E7D3843008752DC /* EventPickerCell.xib in Resources */ = {isa = PBXBuildFile; fileRef = 9F7225A21E7D3843008752DC /* EventPickerCell.xib */; };
		9F7225A51E7D75AE008752DC /* SectionSelectionHeaderView.swift in Sources */ = {isa = PBXBuildFile; fileRef = 9F7225A41E7D75AE008752DC /* SectionSelectionHeaderView.swift */; };
		9F851AD61E7E7302008F4CF1 /* EventList.swift in Sources */ = {isa = PBXBuildFile; fileRef = 9F851AD51E7E7302008F4CF1 /* EventList.swift */; };
		9F851AD81E7EABC0008F4CF1 /* SessionService.swift in Sources */ = {isa = PBXBuildFile; fileRef = 9F851AD71E7EABC0008F4CF1 /* SessionService.swift */; };
		9F851ADA1E7EAC3C008F4CF1 /* SessionList.swift in Sources */ = {isa = PBXBuildFile; fileRef = 9F851AD91E7EAC3C008F4CF1 /* SessionList.swift */; };
		9F851ADE1E7EDA6A008F4CF1 /* SessionCell.swift in Sources */ = {isa = PBXBuildFile; fileRef = 9F851ADD1E7EDA6A008F4CF1 /* SessionCell.swift */; };
		9F851AE01E7EDA78008F4CF1 /* SessionCell.xib in Resources */ = {isa = PBXBuildFile; fileRef = 9F851ADF1E7EDA78008F4CF1 /* SessionCell.xib */; };
		9F851AE21E7F0F87008F4CF1 /* TimeInternal+Additions.swift in Sources */ = {isa = PBXBuildFile; fileRef = 9F851AE11E7F0F87008F4CF1 /* TimeInternal+Additions.swift */; };
		9F851AE41E7F1173008F4CF1 /* Session.storyboard in Resources */ = {isa = PBXBuildFile; fileRef = 9F851AE31E7F1173008F4CF1 /* Session.storyboard */; };
		9F851AE61E7F11E0008F4CF1 /* SessionViewController.swift in Sources */ = {isa = PBXBuildFile; fileRef = 9F851AE51E7F11E0008F4CF1 /* SessionViewController.swift */; };
		9F851AE81E7F133F008F4CF1 /* SessionEventButtonCell.swift in Sources */ = {isa = PBXBuildFile; fileRef = 9F851AE71E7F133F008F4CF1 /* SessionEventButtonCell.swift */; };
		9F851AEA1E7F319B008F4CF1 /* Helpers.swift in Sources */ = {isa = PBXBuildFile; fileRef = 9F851AE91E7F319B008F4CF1 /* Helpers.swift */; };
		9F851AEC1E8034DD008F4CF1 /* HistoryView.swift in Sources */ = {isa = PBXBuildFile; fileRef = 9F851AEB1E8034DD008F4CF1 /* HistoryView.swift */; };
		9F8D336D1E86DDE9002A9F3D /* SettingsViewController.swift in Sources */ = {isa = PBXBuildFile; fileRef = 9F8D336C1E86DDE9002A9F3D /* SettingsViewController.swift */; };
		9FBB753F1E74654A00E5601E /* Session.swift in Sources */ = {isa = PBXBuildFile; fileRef = 9FBB753E1E74654A00E5601E /* Session.swift */; };
		9FBB75411E7465A500E5601E /* Event.swift in Sources */ = {isa = PBXBuildFile; fileRef = 9FBB75401E7465A500E5601E /* Event.swift */; };
		9FBB75441E74667C00E5601E /* MainViewController.swift in Sources */ = {isa = PBXBuildFile; fileRef = 9FBB75431E74667C00E5601E /* MainViewController.swift */; };
		9FBB75471E74678400E5601E /* EventService.swift in Sources */ = {isa = PBXBuildFile; fileRef = 9FBB75461E74678400E5601E /* EventService.swift */; };
		9FBB754A1E746CFA00E5601E /* BaseTableViewCell.swift in Sources */ = {isa = PBXBuildFile; fileRef = 9FBB75491E746CFA00E5601E /* BaseTableViewCell.swift */; };
		9FBB754D1E74997800E5601E /* UITableView+Additions.swift in Sources */ = {isa = PBXBuildFile; fileRef = 9FBB754C1E74997800E5601E /* UITableView+Additions.swift */; };
		9FBB75511E749AC600E5601E /* SectionHeaderView.swift in Sources */ = {isa = PBXBuildFile; fileRef = 9FBB75501E749AC600E5601E /* SectionHeaderView.swift */; };
		9FDD34DF1E757C7500CC0471 /* ButtonTableViewCell.swift in Sources */ = {isa = PBXBuildFile; fileRef = 9FDD34DE1E757C7500CC0471 /* ButtonTableViewCell.swift */; };
		9FDD34E11E7586FE00CC0471 /* CreateSessionViewController.swift in Sources */ = {isa = PBXBuildFile; fileRef = 9FDD34E01E7586FE00CC0471 /* CreateSessionViewController.swift */; };
		9FDD34E51E75AD0700CC0471 /* Localizable.strings in Resources */ = {isa = PBXBuildFile; fileRef = 9FDD34E71E75AD0700CC0471 /* Localizable.strings */; };
		9FDD34EA1E75ADD300CC0471 /* ProfileSettings.swift in Sources */ = {isa = PBXBuildFile; fileRef = 9FDD34E91E75ADD300CC0471 /* ProfileSettings.swift */; };
		9FDD34EC1E75AE8700CC0471 /* Notifications.swift in Sources */ = {isa = PBXBuildFile; fileRef = 9FDD34EB1E75AE8700CC0471 /* Notifications.swift */; };
		9FDD34EE1E75B38600CC0471 /* CreateEventViewController.swift in Sources */ = {isa = PBXBuildFile; fileRef = 9FDD34ED1E75B38600CC0471 /* CreateEventViewController.swift */; };
		9FDD34F01E75C5F300CC0471 /* InputCell.swift in Sources */ = {isa = PBXBuildFile; fileRef = 9FDD34EF1E75C5F300CC0471 /* InputCell.swift */; };
		9FDD34F21E75D02600CC0471 /* SelectColorCell.swift in Sources */ = {isa = PBXBuildFile; fileRef = 9FDD34F11E75D02600CC0471 /* SelectColorCell.swift */; };
		9FDD34F41E75D06600CC0471 /* CircleView.swift in Sources */ = {isa = PBXBuildFile; fileRef = 9FDD34F31E75D06600CC0471 /* CircleView.swift */; };
		D3B19D76FE37C45933996CCD /* Pods_counterTests.framework in Frameworks */ = {isa = PBXBuildFile; fileRef = E3E6F6BCE7B25B50CE3E635F /* Pods_counterTests.framework */; };
		DF31D2716E5A22F67A22FCA6 /* Pods_counterUITests.framework in Frameworks */ = {isa = PBXBuildFile; fileRef = B38EBFDC7D10153A8530A5E3 /* Pods_counterUITests.framework */; };
/* End PBXBuildFile section */

/* Begin PBXContainerItemProxy section */
		9F626DA81E6F49000031D7C2 /* PBXContainerItemProxy */ = {
			isa = PBXContainerItemProxy;
			containerPortal = 9F626D8B1E6F49000031D7C2 /* Project object */;
			proxyType = 1;
			remoteGlobalIDString = 9F626D921E6F49000031D7C2;
			remoteInfo = counter;
		};
		9F626DB31E6F49000031D7C2 /* PBXContainerItemProxy */ = {
			isa = PBXContainerItemProxy;
			containerPortal = 9F626D8B1E6F49000031D7C2 /* Project object */;
			proxyType = 1;
			remoteGlobalIDString = 9F626D921E6F49000031D7C2;
			remoteInfo = counter;
		};
/* End PBXContainerItemProxy section */

/* Begin PBXCopyFilesBuildPhase section */
		9F626E001E6F52530031D7C2 /* Embed Frameworks */ = {
			isa = PBXCopyFilesBuildPhase;
			buildActionMask = 2147483647;
			dstPath = "";
			dstSubfolderSpec = 10;
			files = (
				9F626DFF1E6F52530031D7C2 /* NZKit.framework in Embed Frameworks */,
			);
			name = "Embed Frameworks";
			runOnlyForDeploymentPostprocessing = 0;
		};
/* End PBXCopyFilesBuildPhase section */

/* Begin PBXFileReference section */
		22361CD142AF7C42A9FB1AD8 /* Pods-counterUITests.debug.xcconfig */ = {isa = PBXFileReference; includeInIndex = 1; lastKnownFileType = text.xcconfig; name = "Pods-counterUITests.debug.xcconfig"; path = "Pods/Target Support Files/Pods-counterUITests/Pods-counterUITests.debug.xcconfig"; sourceTree = "<group>"; };
		2A936DA9AC9B517DD4C41D6D /* Pods-counter.release.xcconfig */ = {isa = PBXFileReference; includeInIndex = 1; lastKnownFileType = text.xcconfig; name = "Pods-counter.release.xcconfig"; path = "Pods/Target Support Files/Pods-counter/Pods-counter.release.xcconfig"; sourceTree = "<group>"; };
		415A04613E19C0866B3A4013 /* Pods-counterTests.release.xcconfig */ = {isa = PBXFileReference; includeInIndex = 1; lastKnownFileType = text.xcconfig; name = "Pods-counterTests.release.xcconfig"; path = "Pods/Target Support Files/Pods-counterTests/Pods-counterTests.release.xcconfig"; sourceTree = "<group>"; };
		421FDB33DAEAF5415411EAC0 /* Pods-counterTests.debug.xcconfig */ = {isa = PBXFileReference; includeInIndex = 1; lastKnownFileType = text.xcconfig; name = "Pods-counterTests.debug.xcconfig"; path = "Pods/Target Support Files/Pods-counterTests/Pods-counterTests.debug.xcconfig"; sourceTree = "<group>"; };
		52CFBF836692C14F160FBDFB /* Pods-counterUITests.release.xcconfig */ = {isa = PBXFileReference; includeInIndex = 1; lastKnownFileType = text.xcconfig; name = "Pods-counterUITests.release.xcconfig"; path = "Pods/Target Support Files/Pods-counterUITests/Pods-counterUITests.release.xcconfig"; sourceTree = "<group>"; };
		9F0774521E7B190700B13235 /* EventCell.swift */ = {isa = PBXFileReference; fileEncoding = 4; lastKnownFileType = sourcecode.swift; name = EventCell.swift; path = Cells/EventCell.swift; sourceTree = "<group>"; };
		9F0774541E7B19C700B13235 /* ColorIndicatorView.swift */ = {isa = PBXFileReference; fileEncoding = 4; lastKnownFileType = sourcecode.swift; name = ColorIndicatorView.swift; path = Views/ColorIndicatorView.swift; sourceTree = "<group>"; };
		9F0774591E7B382500B13235 /* EventCell.xib */ = {isa = PBXFileReference; fileEncoding = 4; lastKnownFileType = file.xib; name = EventCell.xib; path = Cells/EventCell.xib; sourceTree = "<group>"; };
		9F1C4BBE1E8047A20041FFF3 /* HistoryCell.swift */ = {isa = PBXFileReference; fileEncoding = 4; lastKnownFileType = sourcecode.swift; name = HistoryCell.swift; path = Cells/HistoryCell.swift; sourceTree = "<group>"; };
		9F1C4BC21E806F800041FFF3 /* EventResultCell.xib */ = {isa = PBXFileReference; fileEncoding = 4; lastKnownFileType = file.xib; name = EventResultCell.xib; path = Cells/EventResultCell.xib; sourceTree = "<group>"; };
		9F1C4BC41E806FC40041FFF3 /* EventResultCell.swift */ = {isa = PBXFileReference; fileEncoding = 4; lastKnownFileType = sourcecode.swift; name = EventResultCell.swift; path = Cells/EventResultCell.swift; sourceTree = "<group>"; };
		9F1C4BCA1E8076AA0041FFF3 /* Sequence+Additions.swift */ = {isa = PBXFileReference; fileEncoding = 4; lastKnownFileType = sourcecode.swift; name = "Sequence+Additions.swift"; path = "Extensions/Sequence+Additions.swift"; sourceTree = "<group>"; };
		9F626D931E6F49000031D7C2 /* counter.app */ = {isa = PBXFileReference; explicitFileType = wrapper.application; includeInIndex = 0; path = counter.app; sourceTree = BUILT_PRODUCTS_DIR; };
		9F626D961E6F49000031D7C2 /* AppDelegate.swift */ = {isa = PBXFileReference; lastKnownFileType = sourcecode.swift; path = AppDelegate.swift; sourceTree = "<group>"; };
		9F626D9B1E6F49000031D7C2 /* Base */ = {isa = PBXFileReference; lastKnownFileType = file.storyboard; name = Base; path = Base.lproj/Main.storyboard; sourceTree = "<group>"; };
		9F626D9D1E6F49000031D7C2 /* Assets.xcassets */ = {isa = PBXFileReference; lastKnownFileType = folder.assetcatalog; path = Assets.xcassets; sourceTree = "<group>"; };
		9F626DA01E6F49000031D7C2 /* Base */ = {isa = PBXFileReference; lastKnownFileType = file.storyboard; name = Base; path = Base.lproj/LaunchScreen.storyboard; sourceTree = "<group>"; };
		9F626DA21E6F49000031D7C2 /* Info.plist */ = {isa = PBXFileReference; lastKnownFileType = text.plist.xml; path = Info.plist; sourceTree = "<group>"; };
		9F626DA71E6F49000031D7C2 /* counterTests.xctest */ = {isa = PBXFileReference; explicitFileType = wrapper.cfbundle; includeInIndex = 0; path = counterTests.xctest; sourceTree = BUILT_PRODUCTS_DIR; };
		9F626DAB1E6F49000031D7C2 /* counterTests.swift */ = {isa = PBXFileReference; lastKnownFileType = sourcecode.swift; path = counterTests.swift; sourceTree = "<group>"; };
		9F626DAD1E6F49000031D7C2 /* Info.plist */ = {isa = PBXFileReference; lastKnownFileType = text.plist.xml; path = Info.plist; sourceTree = "<group>"; };
		9F626DB21E6F49000031D7C2 /* counterUITests.xctest */ = {isa = PBXFileReference; explicitFileType = wrapper.cfbundle; includeInIndex = 0; path = counterUITests.xctest; sourceTree = BUILT_PRODUCTS_DIR; };
		9F626DB61E6F49000031D7C2 /* counterUITests.swift */ = {isa = PBXFileReference; lastKnownFileType = sourcecode.swift; path = counterUITests.swift; sourceTree = "<group>"; };
		9F626DB81E6F49000031D7C2 /* Info.plist */ = {isa = PBXFileReference; lastKnownFileType = text.plist.xml; path = Info.plist; sourceTree = "<group>"; };
		9F626DFD1E6F52530031D7C2 /* NZKit.framework */ = {isa = PBXFileReference; explicitFileType = wrapper.framework; path = NZKit.framework; sourceTree = BUILT_PRODUCTS_DIR; };
		9F626E011E6F53160031D7C2 /* Theme.swift */ = {isa = PBXFileReference; fileEncoding = 4; lastKnownFileType = sourcecode.swift; path = Theme.swift; sourceTree = "<group>"; };
		9F626E151E6F55500031D7C2 /* UIColor+Additions.swift */ = {isa = PBXFileReference; fileEncoding = 4; lastKnownFileType = sourcecode.swift; name = "UIColor+Additions.swift"; path = "Extensions/UIColor+Additions.swift"; sourceTree = "<group>"; };
		9F626E1A1E6F56E10031D7C2 /* UIFont+Additions.swift */ = {isa = PBXFileReference; fileEncoding = 4; lastKnownFileType = sourcecode.swift; name = "UIFont+Additions.swift"; path = "Extensions/UIFont+Additions.swift"; sourceTree = "<group>"; };
		9F626E1C1E6F57700031D7C2 /* UIView+Additions.swift */ = {isa = PBXFileReference; fileEncoding = 4; lastKnownFileType = sourcecode.swift; name = "UIView+Additions.swift"; path = "Extensions/UIView+Additions.swift"; sourceTree = "<group>"; };
		9F626E1E1E6F57A70031D7C2 /* String+Additions.swift */ = {isa = PBXFileReference; fileEncoding = 4; lastKnownFileType = sourcecode.swift; name = "String+Additions.swift"; path = "Extensions/String+Additions.swift"; sourceTree = "<group>"; };
		9F626E211E6F58950031D7C2 /* Localization.swift */ = {isa = PBXFileReference; fileEncoding = 4; lastKnownFileType = sourcecode.swift; name = Localization.swift; path = Configurations/Localization.swift; sourceTree = "<group>"; };
		9F626E231E6F58D50031D7C2 /* Constants.swift */ = {isa = PBXFileReference; fileEncoding = 4; lastKnownFileType = sourcecode.swift; name = Constants.swift; path = Configurations/Constants.swift; sourceTree = "<group>"; };
		9F7225911E7C632A008752DC /* ColorPicker.storyboard */ = {isa = PBXFileReference; fileEncoding = 4; lastKnownFileType = file.storyboard; name = ColorPicker.storyboard; path = Storyboards/ColorPicker.storyboard; sourceTree = "<group>"; };
		9F7225931E7C636E008752DC /* ColorPickerViewController.swift */ = {isa = PBXFileReference; fileEncoding = 4; lastKnownFileType = sourcecode.swift; name = ColorPickerViewController.swift; path = Controllers/ColorPickerViewController.swift; sourceTree = "<group>"; };
		9F7225951E7C641A008752DC /* ColorPickerCell.swift */ = {isa = PBXFileReference; fileEncoding = 4; lastKnownFileType = sourcecode.swift; name = ColorPickerCell.swift; path = Cells/ColorPickerCell.swift; sourceTree = "<group>"; };
		9F72259B1E7C8D66008752DC /* PaddedButton.swift */ = {isa = PBXFileReference; fileEncoding = 4; lastKnownFileType = sourcecode.swift; name = PaddedButton.swift; path = Views/PaddedButton.swift; sourceTree = "<group>"; };
		9F72259E1E7C8DAD008752DC /* UIFactory.swift */ = {isa = PBXFileReference; fileEncoding = 4; lastKnownFileType = sourcecode.swift; name = UIFactory.swift; path = Helpers/UIFactory.swift; sourceTree = "<group>"; };
		9F7225A01E7D3832008752DC /* EventPickerCell.swift */ = {isa = PBXFileReference; fileEncoding = 4; lastKnownFileType = sourcecode.swift; name = EventPickerCell.swift; path = Cells/EventPickerCell.swift; sourceTree = "<group>"; };
		9F7225A21E7D3843008752DC /* EventPickerCell.xib */ = {isa = PBXFileReference; fileEncoding = 4; lastKnownFileType = file.xib; name = EventPickerCell.xib; path = Cells/EventPickerCell.xib; sourceTree = "<group>"; };
		9F7225A41E7D75AE008752DC /* SectionSelectionHeaderView.swift */ = {isa = PBXFileReference; fileEncoding = 4; lastKnownFileType = sourcecode.swift; name = SectionSelectionHeaderView.swift; path = Views/SectionSelectionHeaderView.swift; sourceTree = "<group>"; };
		9F851AD51E7E7302008F4CF1 /* EventList.swift */ = {isa = PBXFileReference; fileEncoding = 4; lastKnownFileType = sourcecode.swift; name = EventList.swift; path = Models/EventList.swift; sourceTree = "<group>"; };
		9F851AD71E7EABC0008F4CF1 /* SessionService.swift */ = {isa = PBXFileReference; fileEncoding = 4; lastKnownFileType = sourcecode.swift; name = SessionService.swift; path = Services/SessionService.swift; sourceTree = "<group>"; };
		9F851AD91E7EAC3C008F4CF1 /* SessionList.swift */ = {isa = PBXFileReference; fileEncoding = 4; lastKnownFileType = sourcecode.swift; name = SessionList.swift; path = Models/SessionList.swift; sourceTree = "<group>"; };
		9F851ADD1E7EDA6A008F4CF1 /* SessionCell.swift */ = {isa = PBXFileReference; fileEncoding = 4; lastKnownFileType = sourcecode.swift; name = SessionCell.swift; path = Cells/SessionCell.swift; sourceTree = "<group>"; };
		9F851ADF1E7EDA78008F4CF1 /* SessionCell.xib */ = {isa = PBXFileReference; fileEncoding = 4; lastKnownFileType = file.xib; name = SessionCell.xib; path = Cells/SessionCell.xib; sourceTree = "<group>"; };
		9F851AE11E7F0F87008F4CF1 /* TimeInternal+Additions.swift */ = {isa = PBXFileReference; fileEncoding = 4; lastKnownFileType = sourcecode.swift; name = "TimeInternal+Additions.swift"; path = "Extensions/TimeInternal+Additions.swift"; sourceTree = "<group>"; };
		9F851AE31E7F1173008F4CF1 /* Session.storyboard */ = {isa = PBXFileReference; fileEncoding = 4; lastKnownFileType = file.storyboard; name = Session.storyboard; path = Storyboards/Session.storyboard; sourceTree = "<group>"; };
		9F851AE51E7F11E0008F4CF1 /* SessionViewController.swift */ = {isa = PBXFileReference; fileEncoding = 4; lastKnownFileType = sourcecode.swift; name = SessionViewController.swift; path = Controllers/SessionViewController.swift; sourceTree = "<group>"; };
		9F851AE71E7F133F008F4CF1 /* SessionEventButtonCell.swift */ = {isa = PBXFileReference; fileEncoding = 4; lastKnownFileType = sourcecode.swift; name = SessionEventButtonCell.swift; path = Cells/SessionEventButtonCell.swift; sourceTree = "<group>"; };
		9F851AE91E7F319B008F4CF1 /* Helpers.swift */ = {isa = PBXFileReference; fileEncoding = 4; lastKnownFileType = sourcecode.swift; name = Helpers.swift; path = Helpers/Helpers.swift; sourceTree = "<group>"; };
		9F851AEB1E8034DD008F4CF1 /* HistoryView.swift */ = {isa = PBXFileReference; fileEncoding = 4; lastKnownFileType = sourcecode.swift; name = HistoryView.swift; path = Views/HistoryView.swift; sourceTree = "<group>"; };
		9F8D336C1E86DDE9002A9F3D /* SettingsViewController.swift */ = {isa = PBXFileReference; fileEncoding = 4; lastKnownFileType = sourcecode.swift; name = SettingsViewController.swift; path = Controllers/SettingsViewController.swift; sourceTree = "<group>"; };
		9FBB753E1E74654A00E5601E /* Session.swift */ = {isa = PBXFileReference; fileEncoding = 4; lastKnownFileType = sourcecode.swift; name = Session.swift; path = Models/Session.swift; sourceTree = "<group>"; };
		9FBB75401E7465A500E5601E /* Event.swift */ = {isa = PBXFileReference; fileEncoding = 4; lastKnownFileType = sourcecode.swift; name = Event.swift; path = Models/Event.swift; sourceTree = "<group>"; };
		9FBB75431E74667C00E5601E /* MainViewController.swift */ = {isa = PBXFileReference; fileEncoding = 4; lastKnownFileType = sourcecode.swift; name = MainViewController.swift; path = Controllers/MainViewController.swift; sourceTree = "<group>"; };
		9FBB75461E74678400E5601E /* EventService.swift */ = {isa = PBXFileReference; fileEncoding = 4; lastKnownFileType = sourcecode.swift; name = EventService.swift; path = Services/EventService.swift; sourceTree = "<group>"; };
		9FBB75491E746CFA00E5601E /* BaseTableViewCell.swift */ = {isa = PBXFileReference; fileEncoding = 4; lastKnownFileType = sourcecode.swift; name = BaseTableViewCell.swift; path = Cells/BaseTableViewCell.swift; sourceTree = "<group>"; };
		9FBB754C1E74997800E5601E /* UITableView+Additions.swift */ = {isa = PBXFileReference; fileEncoding = 4; lastKnownFileType = sourcecode.swift; name = "UITableView+Additions.swift"; path = "Extensions/UITableView+Additions.swift"; sourceTree = "<group>"; };
		9FBB75501E749AC600E5601E /* SectionHeaderView.swift */ = {isa = PBXFileReference; fileEncoding = 4; lastKnownFileType = sourcecode.swift; name = SectionHeaderView.swift; path = Views/SectionHeaderView.swift; sourceTree = "<group>"; };
		9FDD34DE1E757C7500CC0471 /* ButtonTableViewCell.swift */ = {isa = PBXFileReference; fileEncoding = 4; lastKnownFileType = sourcecode.swift; name = ButtonTableViewCell.swift; path = Cells/ButtonTableViewCell.swift; sourceTree = "<group>"; };
		9FDD34E01E7586FE00CC0471 /* CreateSessionViewController.swift */ = {isa = PBXFileReference; fileEncoding = 4; lastKnownFileType = sourcecode.swift; name = CreateSessionViewController.swift; path = Controllers/CreateSessionViewController.swift; sourceTree = "<group>"; };
		9FDD34E61E75AD0700CC0471 /* en */ = {isa = PBXFileReference; lastKnownFileType = text.plist.strings; name = en; path = en.lproj/Localizable.strings; sourceTree = "<group>"; };
		9FDD34E81E75AD1800CC0471 /* fi */ = {isa = PBXFileReference; lastKnownFileType = text.plist.strings; name = fi; path = fi.lproj/Localizable.strings; sourceTree = "<group>"; };
		9FDD34E91E75ADD300CC0471 /* ProfileSettings.swift */ = {isa = PBXFileReference; fileEncoding = 4; lastKnownFileType = sourcecode.swift; name = ProfileSettings.swift; path = Models/ProfileSettings.swift; sourceTree = "<group>"; };
		9FDD34EB1E75AE8700CC0471 /* Notifications.swift */ = {isa = PBXFileReference; fileEncoding = 4; lastKnownFileType = sourcecode.swift; name = Notifications.swift; path = Configurations/Notifications.swift; sourceTree = "<group>"; };
		9FDD34ED1E75B38600CC0471 /* CreateEventViewController.swift */ = {isa = PBXFileReference; fileEncoding = 4; lastKnownFileType = sourcecode.swift; name = CreateEventViewController.swift; path = Controllers/CreateEventViewController.swift; sourceTree = "<group>"; };
		9FDD34EF1E75C5F300CC0471 /* InputCell.swift */ = {isa = PBXFileReference; fileEncoding = 4; lastKnownFileType = sourcecode.swift; name = InputCell.swift; path = Cells/InputCell.swift; sourceTree = "<group>"; };
		9FDD34F11E75D02600CC0471 /* SelectColorCell.swift */ = {isa = PBXFileReference; fileEncoding = 4; lastKnownFileType = sourcecode.swift; name = SelectColorCell.swift; path = Cells/SelectColorCell.swift; sourceTree = "<group>"; };
		9FDD34F31E75D06600CC0471 /* CircleView.swift */ = {isa = PBXFileReference; fileEncoding = 4; lastKnownFileType = sourcecode.swift; name = CircleView.swift; path = Views/CircleView.swift; sourceTree = "<group>"; };
		A41CE3B880CA6DF937680EA7 /* Pods-counter.debug.xcconfig */ = {isa = PBXFileReference; includeInIndex = 1; lastKnownFileType = text.xcconfig; name = "Pods-counter.debug.xcconfig"; path = "Pods/Target Support Files/Pods-counter/Pods-counter.debug.xcconfig"; sourceTree = "<group>"; };
		B38EBFDC7D10153A8530A5E3 /* Pods_counterUITests.framework */ = {isa = PBXFileReference; explicitFileType = wrapper.framework; includeInIndex = 0; path = Pods_counterUITests.framework; sourceTree = BUILT_PRODUCTS_DIR; };
		E3E6F6BCE7B25B50CE3E635F /* Pods_counterTests.framework */ = {isa = PBXFileReference; explicitFileType = wrapper.framework; includeInIndex = 0; path = Pods_counterTests.framework; sourceTree = BUILT_PRODUCTS_DIR; };
		F561274E8866EC3CC16FA3B1 /* Pods_counter.framework */ = {isa = PBXFileReference; explicitFileType = wrapper.framework; includeInIndex = 0; path = Pods_counter.framework; sourceTree = BUILT_PRODUCTS_DIR; };
/* End PBXFileReference section */

/* Begin PBXFrameworksBuildPhase section */
		9F626D901E6F49000031D7C2 /* Frameworks */ = {
			isa = PBXFrameworksBuildPhase;
			buildActionMask = 2147483647;
			files = (
				780AC9189572E8A5FA97A91D /* Pods_counter.framework in Frameworks */,
				9F626DFE1E6F52530031D7C2 /* NZKit.framework in Frameworks */,
			);
			runOnlyForDeploymentPostprocessing = 0;
		};
		9F626DA41E6F49000031D7C2 /* Frameworks */ = {
			isa = PBXFrameworksBuildPhase;
			buildActionMask = 2147483647;
			files = (
				D3B19D76FE37C45933996CCD /* Pods_counterTests.framework in Frameworks */,
			);
			runOnlyForDeploymentPostprocessing = 0;
		};
		9F626DAF1E6F49000031D7C2 /* Frameworks */ = {
			isa = PBXFrameworksBuildPhase;
			buildActionMask = 2147483647;
			files = (
				DF31D2716E5A22F67A22FCA6 /* Pods_counterUITests.framework in Frameworks */,
			);
			runOnlyForDeploymentPostprocessing = 0;
		};
/* End PBXFrameworksBuildPhase section */

/* Begin PBXGroup section */
		2E65B4B5B35DC4812CF2D04E /* Frameworks */ = {
			isa = PBXGroup;
			children = (
				9F626DFD1E6F52530031D7C2 /* NZKit.framework */,
				F561274E8866EC3CC16FA3B1 /* Pods_counter.framework */,
				E3E6F6BCE7B25B50CE3E635F /* Pods_counterTests.framework */,
				B38EBFDC7D10153A8530A5E3 /* Pods_counterUITests.framework */,
			);
			name = Frameworks;
			sourceTree = "<group>";
		};
		9F626D8A1E6F49000031D7C2 = {
			isa = PBXGroup;
			children = (
				9F626D951E6F49000031D7C2 /* counter */,
				9F626DAA1E6F49000031D7C2 /* counterTests */,
				9F626DB51E6F49000031D7C2 /* counterUITests */,
				9F626D941E6F49000031D7C2 /* Products */,
				B3B1C5DCA2F203E9173A7CDB /* Pods */,
				2E65B4B5B35DC4812CF2D04E /* Frameworks */,
			);
			sourceTree = "<group>";
		};
		9F626D941E6F49000031D7C2 /* Products */ = {
			isa = PBXGroup;
			children = (
				9F626D931E6F49000031D7C2 /* counter.app */,
				9F626DA71E6F49000031D7C2 /* counterTests.xctest */,
				9F626DB21E6F49000031D7C2 /* counterUITests.xctest */,
			);
			name = Products;
			sourceTree = "<group>";
		};
		9F626D951E6F49000031D7C2 /* counter */ = {
			isa = PBXGroup;
			children = (
				9F626D961E6F49000031D7C2 /* AppDelegate.swift */,
				9F626E011E6F53160031D7C2 /* Theme.swift */,
				9F626E201E6F586A0031D7C2 /* Configurations */,
				9F626E171E6F55530031D7C2 /* Extensions */,
				9F72259D1E7C8DA5008752DC /* Helpers */,
				9F7225901E7C630F008752DC /* Storyboards */,
				9FBB75421E74662900E5601E /* Controllers */,
				9FBB754B1E74995300E5601E /* Views */,
				9FBB75481E746CCB00E5601E /* Cells */,
				9FBB75451E74671B00E5601E /* Services */,
				9FBB753D1E74653400E5601E /* Models */,
				9FDD34E21E75ACDA00CC0471 /* Resources */,
				9F626D9F1E6F49000031D7C2 /* LaunchScreen.storyboard */,
			);
			path = counter;
			sourceTree = "<group>";
		};
		9F626DAA1E6F49000031D7C2 /* counterTests */ = {
			isa = PBXGroup;
			children = (
				9F626DAB1E6F49000031D7C2 /* counterTests.swift */,
				9F626DAD1E6F49000031D7C2 /* Info.plist */,
			);
			path = counterTests;
			sourceTree = "<group>";
		};
		9F626DB51E6F49000031D7C2 /* counterUITests */ = {
			isa = PBXGroup;
			children = (
				9F626DB61E6F49000031D7C2 /* counterUITests.swift */,
				9F626DB81E6F49000031D7C2 /* Info.plist */,
			);
			path = counterUITests;
			sourceTree = "<group>";
		};
		9F626E171E6F55530031D7C2 /* Extensions */ = {
			isa = PBXGroup;
			children = (
				9F626E151E6F55500031D7C2 /* UIColor+Additions.swift */,
				9F626E1A1E6F56E10031D7C2 /* UIFont+Additions.swift */,
				9F626E1C1E6F57700031D7C2 /* UIView+Additions.swift */,
				9F626E1E1E6F57A70031D7C2 /* String+Additions.swift */,
				9FBB754C1E74997800E5601E /* UITableView+Additions.swift */,
				9F851AE11E7F0F87008F4CF1 /* TimeInternal+Additions.swift */,
				9F1C4BCA1E8076AA0041FFF3 /* Sequence+Additions.swift */,
			);
			name = Extensions;
			sourceTree = "<group>";
		};
		9F626E201E6F586A0031D7C2 /* Configurations */ = {
			isa = PBXGroup;
			children = (
				9F626E231E6F58D50031D7C2 /* Constants.swift */,
				9F626E211E6F58950031D7C2 /* Localization.swift */,
				9FDD34EB1E75AE8700CC0471 /* Notifications.swift */,
			);
			name = Configurations;
			sourceTree = "<group>";
		};
		9F7225901E7C630F008752DC /* Storyboards */ = {
			isa = PBXGroup;
			children = (
				9F626D9A1E6F49000031D7C2 /* Main.storyboard */,
				9F7225911E7C632A008752DC /* ColorPicker.storyboard */,
				9F851AE31E7F1173008F4CF1 /* Session.storyboard */,
			);
			name = Storyboards;
			sourceTree = "<group>";
		};
		9F72259D1E7C8DA5008752DC /* Helpers */ = {
			isa = PBXGroup;
			children = (
				9F72259E1E7C8DAD008752DC /* UIFactory.swift */,
				9F851AE91E7F319B008F4CF1 /* Helpers.swift */,
			);
			name = Helpers;
			sourceTree = "<group>";
		};
		9FBB753D1E74653400E5601E /* Models */ = {
			isa = PBXGroup;
			children = (
				9FDD34E91E75ADD300CC0471 /* ProfileSettings.swift */,
				9FBB75401E7465A500E5601E /* Event.swift */,
				9F851AD51E7E7302008F4CF1 /* EventList.swift */,
				9FBB753E1E74654A00E5601E /* Session.swift */,
				9F851AD91E7EAC3C008F4CF1 /* SessionList.swift */,
			);
			name = Models;
			sourceTree = "<group>";
		};
		9FBB75421E74662900E5601E /* Controllers */ = {
			isa = PBXGroup;
			children = (
				9FBB75431E74667C00E5601E /* MainViewController.swift */,
				9FDD34E01E7586FE00CC0471 /* CreateSessionViewController.swift */,
				9FDD34ED1E75B38600CC0471 /* CreateEventViewController.swift */,
				9F7225931E7C636E008752DC /* ColorPickerViewController.swift */,
				9F851AE51E7F11E0008F4CF1 /* SessionViewController.swift */,
				9F8D336C1E86DDE9002A9F3D /* SettingsViewController.swift */,
			);
			name = Controllers;
			sourceTree = "<group>";
		};
		9FBB75451E74671B00E5601E /* Services */ = {
			isa = PBXGroup;
			children = (
				9FBB75461E74678400E5601E /* EventService.swift */,
				9F851AD71E7EABC0008F4CF1 /* SessionService.swift */,
			);
			name = Services;
			sourceTree = "<group>";
		};
		9FBB75481E746CCB00E5601E /* Cells */ = {
			isa = PBXGroup;
			children = (
				9FBB75491E746CFA00E5601E /* BaseTableViewCell.swift */,
				9FDD34DE1E757C7500CC0471 /* ButtonTableViewCell.swift */,
				9FDD34EF1E75C5F300CC0471 /* InputCell.swift */,
				9FDD34F11E75D02600CC0471 /* SelectColorCell.swift */,
				9F0774521E7B190700B13235 /* EventCell.swift */,
				9F0774591E7B382500B13235 /* EventCell.xib */,
				9F7225951E7C641A008752DC /* ColorPickerCell.swift */,
				9F7225A01E7D3832008752DC /* EventPickerCell.swift */,
				9F7225A21E7D3843008752DC /* EventPickerCell.xib */,
				9F1C4BC41E806FC40041FFF3 /* EventResultCell.swift */,
				9F1C4BC21E806F800041FFF3 /* EventResultCell.xib */,
				9F851ADD1E7EDA6A008F4CF1 /* SessionCell.swift */,
				9F851ADF1E7EDA78008F4CF1 /* SessionCell.xib */,
				9F851AE71E7F133F008F4CF1 /* SessionEventButtonCell.swift */,
				9F1C4BBE1E8047A20041FFF3 /* HistoryCell.swift */,
			);
			name = Cells;
			sourceTree = "<group>";
		};
		9FBB754B1E74995300E5601E /* Views */ = {
			isa = PBXGroup;
			children = (
				9F72259B1E7C8D66008752DC /* PaddedButton.swift */,
				9FBB75501E749AC600E5601E /* SectionHeaderView.swift */,
				9FDD34F31E75D06600CC0471 /* CircleView.swift */,
				9F0774541E7B19C700B13235 /* ColorIndicatorView.swift */,
				9F7225A41E7D75AE008752DC /* SectionSelectionHeaderView.swift */,
				9F851AEB1E8034DD008F4CF1 /* HistoryView.swift */,
			);
			name = Views;
			sourceTree = "<group>";
		};
		9FDD34E21E75ACDA00CC0471 /* Resources */ = {
			isa = PBXGroup;
			children = (
				9F626D9D1E6F49000031D7C2 /* Assets.xcassets */,
				9F626DA21E6F49000031D7C2 /* Info.plist */,
				9FDD34E71E75AD0700CC0471 /* Localizable.strings */,
			);
			name = Resources;
			sourceTree = "<group>";
		};
		B3B1C5DCA2F203E9173A7CDB /* Pods */ = {
			isa = PBXGroup;
			children = (
				A41CE3B880CA6DF937680EA7 /* Pods-counter.debug.xcconfig */,
				2A936DA9AC9B517DD4C41D6D /* Pods-counter.release.xcconfig */,
				421FDB33DAEAF5415411EAC0 /* Pods-counterTests.debug.xcconfig */,
				415A04613E19C0866B3A4013 /* Pods-counterTests.release.xcconfig */,
				22361CD142AF7C42A9FB1AD8 /* Pods-counterUITests.debug.xcconfig */,
				52CFBF836692C14F160FBDFB /* Pods-counterUITests.release.xcconfig */,
			);
			name = Pods;
			sourceTree = "<group>";
		};
/* End PBXGroup section */

/* Begin PBXNativeTarget section */
		9F626D921E6F49000031D7C2 /* counter */ = {
			isa = PBXNativeTarget;
			buildConfigurationList = 9F626DBB1E6F49000031D7C2 /* Build configuration list for PBXNativeTarget "counter" */;
			buildPhases = (
				D878E9129F9BA445E7773400 /* [CP] Check Pods Manifest.lock */,
				9F626D8F1E6F49000031D7C2 /* Sources */,
				9F626D901E6F49000031D7C2 /* Frameworks */,
				9F626D911E6F49000031D7C2 /* Resources */,
				ADA7F5CE70B4B60FC98ADC06 /* [CP] Embed Pods Frameworks */,
				36165855F9B26AEFC4748700 /* [CP] Copy Pods Resources */,
				9F626E001E6F52530031D7C2 /* Embed Frameworks */,
			);
			buildRules = (
			);
			dependencies = (
			);
			name = counter;
			productName = counter;
			productReference = 9F626D931E6F49000031D7C2 /* counter.app */;
			productType = "com.apple.product-type.application";
		};
		9F626DA61E6F49000031D7C2 /* counterTests */ = {
			isa = PBXNativeTarget;
			buildConfigurationList = 9F626DBE1E6F49000031D7C2 /* Build configuration list for PBXNativeTarget "counterTests" */;
			buildPhases = (
				DBE4D0CF62876AFE0B9839FC /* [CP] Check Pods Manifest.lock */,
				9F626DA31E6F49000031D7C2 /* Sources */,
				9F626DA41E6F49000031D7C2 /* Frameworks */,
				9F626DA51E6F49000031D7C2 /* Resources */,
				5F4FC6809F1CF0EF14C5441C /* [CP] Embed Pods Frameworks */,
				9779C16DA53E040BCA33FFD5 /* [CP] Copy Pods Resources */,
			);
			buildRules = (
			);
			dependencies = (
				9F626DA91E6F49000031D7C2 /* PBXTargetDependency */,
			);
			name = counterTests;
			productName = counterTests;
			productReference = 9F626DA71E6F49000031D7C2 /* counterTests.xctest */;
			productType = "com.apple.product-type.bundle.unit-test";
		};
		9F626DB11E6F49000031D7C2 /* counterUITests */ = {
			isa = PBXNativeTarget;
			buildConfigurationList = 9F626DC11E6F49000031D7C2 /* Build configuration list for PBXNativeTarget "counterUITests" */;
			buildPhases = (
				51990464782949EC0075B310 /* [CP] Check Pods Manifest.lock */,
				9F626DAE1E6F49000031D7C2 /* Sources */,
				9F626DAF1E6F49000031D7C2 /* Frameworks */,
				9F626DB01E6F49000031D7C2 /* Resources */,
				D8D71CBB515E6F5AD2D20781 /* [CP] Embed Pods Frameworks */,
				946F5AF1059854BE927EEA6A /* [CP] Copy Pods Resources */,
			);
			buildRules = (
			);
			dependencies = (
				9F626DB41E6F49000031D7C2 /* PBXTargetDependency */,
			);
			name = counterUITests;
			productName = counterUITests;
			productReference = 9F626DB21E6F49000031D7C2 /* counterUITests.xctest */;
			productType = "com.apple.product-type.bundle.ui-testing";
		};
/* End PBXNativeTarget section */

/* Begin PBXProject section */
		9F626D8B1E6F49000031D7C2 /* Project object */ = {
			isa = PBXProject;
			attributes = {
				LastSwiftUpdateCheck = 0820;
				LastUpgradeCheck = 0820;
				ORGANIZATIONNAME = zaria;
				TargetAttributes = {
					9F626D921E6F49000031D7C2 = {
						CreatedOnToolsVersion = 8.2.1;
						DevelopmentTeam = 6ATVRY6Y9T;
						ProvisioningStyle = Automatic;
					};
					9F626DA61E6F49000031D7C2 = {
						CreatedOnToolsVersion = 8.2.1;
						DevelopmentTeam = 6ATVRY6Y9T;
						ProvisioningStyle = Automatic;
						TestTargetID = 9F626D921E6F49000031D7C2;
					};
					9F626DB11E6F49000031D7C2 = {
						CreatedOnToolsVersion = 8.2.1;
						DevelopmentTeam = 6ATVRY6Y9T;
						ProvisioningStyle = Automatic;
						TestTargetID = 9F626D921E6F49000031D7C2;
					};
				};
			};
			buildConfigurationList = 9F626D8E1E6F49000031D7C2 /* Build configuration list for PBXProject "counter" */;
			compatibilityVersion = "Xcode 3.2";
			developmentRegion = English;
			hasScannedForEncodings = 0;
			knownRegions = (
				en,
				Base,
				fi,
			);
			mainGroup = 9F626D8A1E6F49000031D7C2;
			productRefGroup = 9F626D941E6F49000031D7C2 /* Products */;
			projectDirPath = "";
			projectRoot = "";
			targets = (
				9F626D921E6F49000031D7C2 /* counter */,
				9F626DA61E6F49000031D7C2 /* counterTests */,
				9F626DB11E6F49000031D7C2 /* counterUITests */,
			);
		};
/* End PBXProject section */

/* Begin PBXResourcesBuildPhase section */
		9F626D911E6F49000031D7C2 /* Resources */ = {
			isa = PBXResourcesBuildPhase;
			buildActionMask = 2147483647;
			files = (
				9F626DA11E6F49000031D7C2 /* LaunchScreen.storyboard in Resources */,
				9F1C4BC31E806F800041FFF3 /* EventResultCell.xib in Resources */,
				9FDD34E51E75AD0700CC0471 /* Localizable.strings in Resources */,
				9F626D9E1E6F49000031D7C2 /* Assets.xcassets in Resources */,
				9F7225A31E7D3843008752DC /* EventPickerCell.xib in Resources */,
				9F851AE01E7EDA78008F4CF1 /* SessionCell.xib in Resources */,
				9F07745A1E7B382500B13235 /* EventCell.xib in Resources */,
				9F7225921E7C632A008752DC /* ColorPicker.storyboard in Resources */,
				9F626D9C1E6F49000031D7C2 /* Main.storyboard in Resources */,
				9F851AE41E7F1173008F4CF1 /* Session.storyboard in Resources */,
			);
			runOnlyForDeploymentPostprocessing = 0;
		};
		9F626DA51E6F49000031D7C2 /* Resources */ = {
			isa = PBXResourcesBuildPhase;
			buildActionMask = 2147483647;
			files = (
			);
			runOnlyForDeploymentPostprocessing = 0;
		};
		9F626DB01E6F49000031D7C2 /* Resources */ = {
			isa = PBXResourcesBuildPhase;
			buildActionMask = 2147483647;
			files = (
			);
			runOnlyForDeploymentPostprocessing = 0;
		};
/* End PBXResourcesBuildPhase section */

/* Begin PBXShellScriptBuildPhase section */
		36165855F9B26AEFC4748700 /* [CP] Copy Pods Resources */ = {
			isa = PBXShellScriptBuildPhase;
			buildActionMask = 2147483647;
			files = (
			);
			inputPaths = (
			);
			name = "[CP] Copy Pods Resources";
			outputPaths = (
			);
			runOnlyForDeploymentPostprocessing = 0;
			shellPath = /bin/sh;
			shellScript = "\"${SRCROOT}/Pods/Target Support Files/Pods-counter/Pods-counter-resources.sh\"\n";
			showEnvVarsInLog = 0;
		};
		51990464782949EC0075B310 /* [CP] Check Pods Manifest.lock */ = {
			isa = PBXShellScriptBuildPhase;
			buildActionMask = 2147483647;
			files = (
			);
			inputPaths = (
			);
			name = "[CP] Check Pods Manifest.lock";
			outputPaths = (
			);
			runOnlyForDeploymentPostprocessing = 0;
			shellPath = /bin/sh;
			shellScript = "diff \"${PODS_ROOT}/../Podfile.lock\" \"${PODS_ROOT}/Manifest.lock\" > /dev/null\nif [ $? != 0 ] ; then\n    # print error to STDERR\n    echo \"error: The sandbox is not in sync with the Podfile.lock. Run 'pod install' or update your CocoaPods installation.\" >&2\n    exit 1\nfi\n";
			showEnvVarsInLog = 0;
		};
		5F4FC6809F1CF0EF14C5441C /* [CP] Embed Pods Frameworks */ = {
			isa = PBXShellScriptBuildPhase;
			buildActionMask = 2147483647;
			files = (
			);
			inputPaths = (
			);
			name = "[CP] Embed Pods Frameworks";
			outputPaths = (
			);
			runOnlyForDeploymentPostprocessing = 0;
			shellPath = /bin/sh;
			shellScript = "\"${SRCROOT}/Pods/Target Support Files/Pods-counterTests/Pods-counterTests-frameworks.sh\"\n";
			showEnvVarsInLog = 0;
		};
		946F5AF1059854BE927EEA6A /* [CP] Copy Pods Resources */ = {
			isa = PBXShellScriptBuildPhase;
			buildActionMask = 2147483647;
			files = (
			);
			inputPaths = (
			);
			name = "[CP] Copy Pods Resources";
			outputPaths = (
			);
			runOnlyForDeploymentPostprocessing = 0;
			shellPath = /bin/sh;
			shellScript = "\"${SRCROOT}/Pods/Target Support Files/Pods-counterUITests/Pods-counterUITests-resources.sh\"\n";
			showEnvVarsInLog = 0;
		};
		9779C16DA53E040BCA33FFD5 /* [CP] Copy Pods Resources */ = {
			isa = PBXShellScriptBuildPhase;
			buildActionMask = 2147483647;
			files = (
			);
			inputPaths = (
			);
			name = "[CP] Copy Pods Resources";
			outputPaths = (
			);
			runOnlyForDeploymentPostprocessing = 0;
			shellPath = /bin/sh;
			shellScript = "\"${SRCROOT}/Pods/Target Support Files/Pods-counterTests/Pods-counterTests-resources.sh\"\n";
			showEnvVarsInLog = 0;
		};
		ADA7F5CE70B4B60FC98ADC06 /* [CP] Embed Pods Frameworks */ = {
			isa = PBXShellScriptBuildPhase;
			buildActionMask = 2147483647;
			files = (
			);
			inputPaths = (
			);
			name = "[CP] Embed Pods Frameworks";
			outputPaths = (
			);
			runOnlyForDeploymentPostprocessing = 0;
			shellPath = /bin/sh;
			shellScript = "\"${SRCROOT}/Pods/Target Support Files/Pods-counter/Pods-counter-frameworks.sh\"\n";
			showEnvVarsInLog = 0;
		};
		D878E9129F9BA445E7773400 /* [CP] Check Pods Manifest.lock */ = {
			isa = PBXShellScriptBuildPhase;
			buildActionMask = 2147483647;
			files = (
			);
			inputPaths = (
			);
			name = "[CP] Check Pods Manifest.lock";
			outputPaths = (
			);
			runOnlyForDeploymentPostprocessing = 0;
			shellPath = /bin/sh;
			shellScript = "diff \"${PODS_ROOT}/../Podfile.lock\" \"${PODS_ROOT}/Manifest.lock\" > /dev/null\nif [ $? != 0 ] ; then\n    # print error to STDERR\n    echo \"error: The sandbox is not in sync with the Podfile.lock. Run 'pod install' or update your CocoaPods installation.\" >&2\n    exit 1\nfi\n";
			showEnvVarsInLog = 0;
		};
		D8D71CBB515E6F5AD2D20781 /* [CP] Embed Pods Frameworks */ = {
			isa = PBXShellScriptBuildPhase;
			buildActionMask = 2147483647;
			files = (
			);
			inputPaths = (
			);
			name = "[CP] Embed Pods Frameworks";
			outputPaths = (
			);
			runOnlyForDeploymentPostprocessing = 0;
			shellPath = /bin/sh;
			shellScript = "\"${SRCROOT}/Pods/Target Support Files/Pods-counterUITests/Pods-counterUITests-frameworks.sh\"\n";
			showEnvVarsInLog = 0;
		};
		DBE4D0CF62876AFE0B9839FC /* [CP] Check Pods Manifest.lock */ = {
			isa = PBXShellScriptBuildPhase;
			buildActionMask = 2147483647;
			files = (
			);
			inputPaths = (
			);
			name = "[CP] Check Pods Manifest.lock";
			outputPaths = (
			);
			runOnlyForDeploymentPostprocessing = 0;
			shellPath = /bin/sh;
			shellScript = "diff \"${PODS_ROOT}/../Podfile.lock\" \"${PODS_ROOT}/Manifest.lock\" > /dev/null\nif [ $? != 0 ] ; then\n    # print error to STDERR\n    echo \"error: The sandbox is not in sync with the Podfile.lock. Run 'pod install' or update your CocoaPods installation.\" >&2\n    exit 1\nfi\n";
			showEnvVarsInLog = 0;
		};
/* End PBXShellScriptBuildPhase section */

/* Begin PBXSourcesBuildPhase section */
		9F626D8F1E6F49000031D7C2 /* Sources */ = {
			isa = PBXSourcesBuildPhase;
			buildActionMask = 2147483647;
			files = (
				9F1C4BCB1E8076AA0041FFF3 /* Sequence+Additions.swift in Sources */,
				9F7225941E7C636E008752DC /* ColorPickerViewController.swift in Sources */,
				9FBB75471E74678400E5601E /* EventService.swift in Sources */,
				9F7225A51E7D75AE008752DC /* SectionSelectionHeaderView.swift in Sources */,
				9FDD34F21E75D02600CC0471 /* SelectColorCell.swift in Sources */,
				9F72259F1E7C8DAD008752DC /* UIFactory.swift in Sources */,
				9FDD34EC1E75AE8700CC0471 /* Notifications.swift in Sources */,
				9F851ADA1E7EAC3C008F4CF1 /* SessionList.swift in Sources */,
				9F851AD81E7EABC0008F4CF1 /* SessionService.swift in Sources */,
				9FBB75441E74667C00E5601E /* MainViewController.swift in Sources */,
				9F7225A11E7D3832008752DC /* EventPickerCell.swift in Sources */,
				9F851AEA1E7F319B008F4CF1 /* Helpers.swift in Sources */,
				9F851AD61E7E7302008F4CF1 /* EventList.swift in Sources */,
				9F0774531E7B190700B13235 /* EventCell.swift in Sources */,
				9FBB753F1E74654A00E5601E /* Session.swift in Sources */,
				9FDD34DF1E757C7500CC0471 /* ButtonTableViewCell.swift in Sources */,
				9FBB75411E7465A500E5601E /* Event.swift in Sources */,
				9FDD34F41E75D06600CC0471 /* CircleView.swift in Sources */,
				9F851AEC1E8034DD008F4CF1 /* HistoryView.swift in Sources */,
				9F626E1F1E6F57A70031D7C2 /* String+Additions.swift in Sources */,
				9F7225961E7C641A008752DC /* ColorPickerCell.swift in Sources */,
				9FDD34EE1E75B38600CC0471 /* CreateEventViewController.swift in Sources */,
				9F626E1D1E6F57700031D7C2 /* UIView+Additions.swift in Sources */,
				9F626E021E6F53160031D7C2 /* Theme.swift in Sources */,
				9F72259C1E7C8D66008752DC /* PaddedButton.swift in Sources */,
				9FDD34E11E7586FE00CC0471 /* CreateSessionViewController.swift in Sources */,
				9F1C4BBF1E8047A20041FFF3 /* HistoryCell.swift in Sources */,
				9FBB75511E749AC600E5601E /* SectionHeaderView.swift in Sources */,
				9F626E1B1E6F56E10031D7C2 /* UIFont+Additions.swift in Sources */,
				9FDD34F01E75C5F300CC0471 /* InputCell.swift in Sources */,
				9F626E161E6F55500031D7C2 /* UIColor+Additions.swift in Sources */,
				9F851AE81E7F133F008F4CF1 /* SessionEventButtonCell.swift in Sources */,
				9F851ADE1E7EDA6A008F4CF1 /* SessionCell.swift in Sources */,
				9F851AE61E7F11E0008F4CF1 /* SessionViewController.swift in Sources */,
				9F0774551E7B19C700B13235 /* ColorIndicatorView.swift in Sources */,
				9F8D336D1E86DDE9002A9F3D /* SettingsViewController.swift in Sources */,
				9F851AE21E7F0F87008F4CF1 /* TimeInternal+Additions.swift in Sources */,
				9FBB754D1E74997800E5601E /* UITableView+Additions.swift in Sources */,
				9F626E221E6F58950031D7C2 /* Localization.swift in Sources */,
				9FDD34EA1E75ADD300CC0471 /* ProfileSettings.swift in Sources */,
				9F626D971E6F49000031D7C2 /* AppDelegate.swift in Sources */,
				9FBB754A1E746CFA00E5601E /* BaseTableViewCell.swift in Sources */,
				9F626E241E6F58D50031D7C2 /* Constants.swift in Sources */,
				9F1C4BC51E806FC40041FFF3 /* EventResultCell.swift in Sources */,
			);
			runOnlyForDeploymentPostprocessing = 0;
		};
		9F626DA31E6F49000031D7C2 /* Sources */ = {
			isa = PBXSourcesBuildPhase;
			buildActionMask = 2147483647;
			files = (
				9F626DAC1E6F49000031D7C2 /* counterTests.swift in Sources */,
			);
			runOnlyForDeploymentPostprocessing = 0;
		};
		9F626DAE1E6F49000031D7C2 /* Sources */ = {
			isa = PBXSourcesBuildPhase;
			buildActionMask = 2147483647;
			files = (
				9F626DB71E6F49000031D7C2 /* counterUITests.swift in Sources */,
			);
			runOnlyForDeploymentPostprocessing = 0;
		};
/* End PBXSourcesBuildPhase section */

/* Begin PBXTargetDependency section */
		9F626DA91E6F49000031D7C2 /* PBXTargetDependency */ = {
			isa = PBXTargetDependency;
			target = 9F626D921E6F49000031D7C2 /* counter */;
			targetProxy = 9F626DA81E6F49000031D7C2 /* PBXContainerItemProxy */;
		};
		9F626DB41E6F49000031D7C2 /* PBXTargetDependency */ = {
			isa = PBXTargetDependency;
			target = 9F626D921E6F49000031D7C2 /* counter */;
			targetProxy = 9F626DB31E6F49000031D7C2 /* PBXContainerItemProxy */;
		};
/* End PBXTargetDependency section */

/* Begin PBXVariantGroup section */
		9F626D9A1E6F49000031D7C2 /* Main.storyboard */ = {
			isa = PBXVariantGroup;
			children = (
				9F626D9B1E6F49000031D7C2 /* Base */,
			);
			name = Main.storyboard;
			sourceTree = "<group>";
		};
		9F626D9F1E6F49000031D7C2 /* LaunchScreen.storyboard */ = {
			isa = PBXVariantGroup;
			children = (
				9F626DA01E6F49000031D7C2 /* Base */,
			);
			name = LaunchScreen.storyboard;
			sourceTree = "<group>";
		};
		9FDD34E71E75AD0700CC0471 /* Localizable.strings */ = {
			isa = PBXVariantGroup;
			children = (
				9FDD34E61E75AD0700CC0471 /* en */,
				9FDD34E81E75AD1800CC0471 /* fi */,
			);
			name = Localizable.strings;
			path = Translations;
			sourceTree = "<group>";
		};
/* End PBXVariantGroup section */

/* Begin XCBuildConfiguration section */
		9F626DB91E6F49000031D7C2 /* Debug */ = {
			isa = XCBuildConfiguration;
			buildSettings = {
				ALWAYS_SEARCH_USER_PATHS = NO;
				CLANG_ANALYZER_LOCALIZABILITY_NONLOCALIZED = YES;
				CLANG_ANALYZER_NONNULL = YES;
				CLANG_CXX_LANGUAGE_STANDARD = "gnu++0x";
				CLANG_CXX_LIBRARY = "libc++";
				CLANG_ENABLE_MODULES = YES;
				CLANG_ENABLE_OBJC_ARC = YES;
				CLANG_WARN_BOOL_CONVERSION = YES;
				CLANG_WARN_CONSTANT_CONVERSION = YES;
				CLANG_WARN_DIRECT_OBJC_ISA_USAGE = YES_ERROR;
				CLANG_WARN_DOCUMENTATION_COMMENTS = YES;
				CLANG_WARN_EMPTY_BODY = YES;
				CLANG_WARN_ENUM_CONVERSION = YES;
				CLANG_WARN_INFINITE_RECURSION = YES;
				CLANG_WARN_INT_CONVERSION = YES;
				CLANG_WARN_OBJC_ROOT_CLASS = YES_ERROR;
				CLANG_WARN_SUSPICIOUS_MOVE = YES;
				CLANG_WARN_UNREACHABLE_CODE = YES;
				CLANG_WARN__DUPLICATE_METHOD_MATCH = YES;
				"CODE_SIGN_IDENTITY[sdk=iphoneos*]" = "iPhone Developer";
				COPY_PHASE_STRIP = NO;
				DEBUG_INFORMATION_FORMAT = dwarf;
				ENABLE_STRICT_OBJC_MSGSEND = YES;
				ENABLE_TESTABILITY = YES;
				GCC_C_LANGUAGE_STANDARD = gnu99;
				GCC_DYNAMIC_NO_PIC = NO;
				GCC_NO_COMMON_BLOCKS = YES;
				GCC_OPTIMIZATION_LEVEL = 0;
				GCC_PREPROCESSOR_DEFINITIONS = (
					"DEBUG=1",
					"$(inherited)",
				);
				GCC_WARN_64_TO_32_BIT_CONVERSION = YES;
				GCC_WARN_ABOUT_RETURN_TYPE = YES_ERROR;
				GCC_WARN_UNDECLARED_SELECTOR = YES;
				GCC_WARN_UNINITIALIZED_AUTOS = YES_AGGRESSIVE;
				GCC_WARN_UNUSED_FUNCTION = YES;
				GCC_WARN_UNUSED_VARIABLE = YES;
				IPHONEOS_DEPLOYMENT_TARGET = 10.2;
				MTL_ENABLE_DEBUG_INFO = YES;
				ONLY_ACTIVE_ARCH = YES;
				SDKROOT = iphoneos;
				SWIFT_ACTIVE_COMPILATION_CONDITIONS = DEBUG;
				SWIFT_OPTIMIZATION_LEVEL = "-Onone";
				TARGETED_DEVICE_FAMILY = "1,2";
			};
			name = Debug;
		};
		9F626DBA1E6F49000031D7C2 /* Release */ = {
			isa = XCBuildConfiguration;
			buildSettings = {
				ALWAYS_SEARCH_USER_PATHS = NO;
				CLANG_ANALYZER_LOCALIZABILITY_NONLOCALIZED = YES;
				CLANG_ANALYZER_NONNULL = YES;
				CLANG_CXX_LANGUAGE_STANDARD = "gnu++0x";
				CLANG_CXX_LIBRARY = "libc++";
				CLANG_ENABLE_MODULES = YES;
				CLANG_ENABLE_OBJC_ARC = YES;
				CLANG_WARN_BOOL_CONVERSION = YES;
				CLANG_WARN_CONSTANT_CONVERSION = YES;
				CLANG_WARN_DIRECT_OBJC_ISA_USAGE = YES_ERROR;
				CLANG_WARN_DOCUMENTATION_COMMENTS = YES;
				CLANG_WARN_EMPTY_BODY = YES;
				CLANG_WARN_ENUM_CONVERSION = YES;
				CLANG_WARN_INFINITE_RECURSION = YES;
				CLANG_WARN_INT_CONVERSION = YES;
				CLANG_WARN_OBJC_ROOT_CLASS = YES_ERROR;
				CLANG_WARN_SUSPICIOUS_MOVE = YES;
				CLANG_WARN_UNREACHABLE_CODE = YES;
				CLANG_WARN__DUPLICATE_METHOD_MATCH = YES;
				"CODE_SIGN_IDENTITY[sdk=iphoneos*]" = "iPhone Developer";
				COPY_PHASE_STRIP = NO;
				DEBUG_INFORMATION_FORMAT = "dwarf-with-dsym";
				ENABLE_NS_ASSERTIONS = NO;
				ENABLE_STRICT_OBJC_MSGSEND = YES;
				GCC_C_LANGUAGE_STANDARD = gnu99;
				GCC_NO_COMMON_BLOCKS = YES;
				GCC_WARN_64_TO_32_BIT_CONVERSION = YES;
				GCC_WARN_ABOUT_RETURN_TYPE = YES_ERROR;
				GCC_WARN_UNDECLARED_SELECTOR = YES;
				GCC_WARN_UNINITIALIZED_AUTOS = YES_AGGRESSIVE;
				GCC_WARN_UNUSED_FUNCTION = YES;
				GCC_WARN_UNUSED_VARIABLE = YES;
				IPHONEOS_DEPLOYMENT_TARGET = 10.2;
				MTL_ENABLE_DEBUG_INFO = NO;
				SDKROOT = iphoneos;
				SWIFT_OPTIMIZATION_LEVEL = "-Owholemodule";
				TARGETED_DEVICE_FAMILY = "1,2";
				VALIDATE_PRODUCT = YES;
			};
			name = Release;
		};
		9F626DBC1E6F49000031D7C2 /* Debug */ = {
			isa = XCBuildConfiguration;
			baseConfigurationReference = A41CE3B880CA6DF937680EA7 /* Pods-counter.debug.xcconfig */;
			buildSettings = {
				ASSETCATALOG_COMPILER_APPICON_NAME = AppIcon;
				DEVELOPMENT_TEAM = 6ATVRY6Y9T;
				INFOPLIST_FILE = counter/Info.plist;
				IPHONEOS_DEPLOYMENT_TARGET = 10.0;
				LD_RUNPATH_SEARCH_PATHS = "$(inherited) @executable_path/Frameworks";
				PRODUCT_BUNDLE_IDENTIFIER = com.zaria.counter;
				PRODUCT_NAME = "$(TARGET_NAME)";
				SWIFT_VERSION = 3.0;
			};
			name = Debug;
		};
		9F626DBD1E6F49000031D7C2 /* Release */ = {
			isa = XCBuildConfiguration;
			baseConfigurationReference = 2A936DA9AC9B517DD4C41D6D /* Pods-counter.release.xcconfig */;
			buildSettings = {
				ASSETCATALOG_COMPILER_APPICON_NAME = AppIcon;
				DEVELOPMENT_TEAM = 6ATVRY6Y9T;
				INFOPLIST_FILE = counter/Info.plist;
				IPHONEOS_DEPLOYMENT_TARGET = 10.0;
				LD_RUNPATH_SEARCH_PATHS = "$(inherited) @executable_path/Frameworks";
				PRODUCT_BUNDLE_IDENTIFIER = com.zaria.counter;
				PRODUCT_NAME = "$(TARGET_NAME)";
				SWIFT_VERSION = 3.0;
			};
			name = Release;
		};
		9F626DBF1E6F49000031D7C2 /* Debug */ = {
			isa = XCBuildConfiguration;
			baseConfigurationReference = 421FDB33DAEAF5415411EAC0 /* Pods-counterTests.debug.xcconfig */;
			buildSettings = {
				ALWAYS_EMBED_SWIFT_STANDARD_LIBRARIES = YES;
				BUNDLE_LOADER = "$(TEST_HOST)";
				DEVELOPMENT_TEAM = 6ATVRY6Y9T;
				INFOPLIST_FILE = counterTests/Info.plist;
				LD_RUNPATH_SEARCH_PATHS = "$(inherited) @executable_path/Frameworks @loader_path/Frameworks";
				PRODUCT_BUNDLE_IDENTIFIER = com.zaria.counter.counterTests;
				PRODUCT_NAME = "$(TARGET_NAME)";
				SWIFT_VERSION = 3.0;
				TEST_HOST = "$(BUILT_PRODUCTS_DIR)/counter.app/counter";
			};
			name = Debug;
		};
		9F626DC01E6F49000031D7C2 /* Release */ = {
			isa = XCBuildConfiguration;
			baseConfigurationReference = 415A04613E19C0866B3A4013 /* Pods-counterTests.release.xcconfig */;
			buildSettings = {
				ALWAYS_EMBED_SWIFT_STANDARD_LIBRARIES = YES;
				BUNDLE_LOADER = "$(TEST_HOST)";
				DEVELOPMENT_TEAM = 6ATVRY6Y9T;
				INFOPLIST_FILE = counterTests/Info.plist;
				LD_RUNPATH_SEARCH_PATHS = "$(inherited) @executable_path/Frameworks @loader_path/Frameworks";
				PRODUCT_BUNDLE_IDENTIFIER = com.zaria.counter.counterTests;
				PRODUCT_NAME = "$(TARGET_NAME)";
				SWIFT_VERSION = 3.0;
				TEST_HOST = "$(BUILT_PRODUCTS_DIR)/counter.app/counter";
			};
			name = Release;
		};
		9F626DC21E6F49000031D7C2 /* Debug */ = {
			isa = XCBuildConfiguration;
			baseConfigurationReference = 22361CD142AF7C42A9FB1AD8 /* Pods-counterUITests.debug.xcconfig */;
			buildSettings = {
				ALWAYS_EMBED_SWIFT_STANDARD_LIBRARIES = YES;
				DEVELOPMENT_TEAM = 6ATVRY6Y9T;
				INFOPLIST_FILE = counterUITests/Info.plist;
				LD_RUNPATH_SEARCH_PATHS = "$(inherited) @executable_path/Frameworks @loader_path/Frameworks";
				PRODUCT_BUNDLE_IDENTIFIER = com.zaria.counter.counterUITests;
				PRODUCT_NAME = "$(TARGET_NAME)";
				SWIFT_VERSION = 3.0;
				TEST_TARGET_NAME = counter;
			};
			name = Debug;
		};
		9F626DC31E6F49000031D7C2 /* Release */ = {
			isa = XCBuildConfiguration;
			baseConfigurationReference = 52CFBF836692C14F160FBDFB /* Pods-counterUITests.release.xcconfig */;
			buildSettings = {
				ALWAYS_EMBED_SWIFT_STANDARD_LIBRARIES = YES;
				DEVELOPMENT_TEAM = 6ATVRY6Y9T;
				INFOPLIST_FILE = counterUITests/Info.plist;
				LD_RUNPATH_SEARCH_PATHS = "$(inherited) @executable_path/Frameworks @loader_path/Frameworks";
				PRODUCT_BUNDLE_IDENTIFIER = com.zaria.counter.counterUITests;
				PRODUCT_NAME = "$(TARGET_NAME)";
				SWIFT_VERSION = 3.0;
				TEST_TARGET_NAME = counter;
			};
			name = Release;
		};
/* End XCBuildConfiguration section */

/* Begin XCConfigurationList section */
		9F626D8E1E6F49000031D7C2 /* Build configuration list for PBXProject "counter" */ = {
			isa = XCConfigurationList;
			buildConfigurations = (
				9F626DB91E6F49000031D7C2 /* Debug */,
				9F626DBA1E6F49000031D7C2 /* Release */,
			);
			defaultConfigurationIsVisible = 0;
			defaultConfigurationName = Release;
		};
		9F626DBB1E6F49000031D7C2 /* Build configuration list for PBXNativeTarget "counter" */ = {
			isa = XCConfigurationList;
			buildConfigurations = (
				9F626DBC1E6F49000031D7C2 /* Debug */,
				9F626DBD1E6F49000031D7C2 /* Release */,
			);
			defaultConfigurationIsVisible = 0;
			defaultConfigurationName = Release;
		};
		9F626DBE1E6F49000031D7C2 /* Build configuration list for PBXNativeTarget "counterTests" */ = {
			isa = XCConfigurationList;
			buildConfigurations = (
				9F626DBF1E6F49000031D7C2 /* Debug */,
				9F626DC01E6F49000031D7C2 /* Release */,
			);
			defaultConfigurationIsVisible = 0;
			defaultConfigurationName = Release;
		};
		9F626DC11E6F49000031D7C2 /* Build configuration list for PBXNativeTarget "counterUITests" */ = {
			isa = XCConfigurationList;
			buildConfigurations = (
				9F626DC21E6F49000031D7C2 /* Debug */,
				9F626DC31E6F49000031D7C2 /* Release */,
			);
			defaultConfigurationIsVisible = 0;
			defaultConfigurationName = Release;
		};
/* End XCConfigurationList section */
	};
	rootObject = 9F626D8B1E6F49000031D7C2 /* Project object */;
}
